
Microsoft Visual Studio Solution File, Format Version 12.00
# Visual Studio Version 16
VisualStudioVersion = 16.0.29411.108
MinimumVisualStudioVersion = 10.0.40219.1
Project("{FAE04EC0-301F-11D3-BF4B-00C04F79EFBC}") = "ConsoleApplication", "PromotionEngineApplicationChallenge\ConsoleApplication.csproj", "{03CE1CFF-9D48-4BC3-9F8B-761D81EA33A2}"
EndProject
Project("{FAE04EC0-301F-11D3-BF4B-00C04F79EFBC}") = "PromotionEngine", "PromotionEngine\PromotionEngine.csproj", "{9F08AED1-8157-4EF1-973B-AB80C8D9690C}"
EndProject
Project("{FAE04EC0-301F-11D3-BF4B-00C04F79EFBC}") = "PromotionEngineTest", "PromotionEngineTest\PromotionEngineTest.csproj", "{C1F226FC-456A-4BBF-8CF1-D7E3D7BA2309}"
EndProject
Global
	GlobalSection(SolutionConfigurationPlatforms) = preSolution
		Debug|Any CPU = Debug|Any CPU
		Release|Any CPU = Release|Any CPU
	EndGlobalSection
	GlobalSection(ProjectConfigurationPlatforms) = postSolution
		{03CE1CFF-9D48-4BC3-9F8B-761D81EA33A2}.Debug|Any CPU.ActiveCfg = Debug|Any CPU
		{03CE1CFF-9D48-4BC3-9F8B-761D81EA33A2}.Debug|Any CPU.Build.0 = Debug|Any CPU
		{03CE1CFF-9D48-4BC3-9F8B-761D81EA33A2}.Release|Any CPU.ActiveCfg = Release|Any CPU
		{03CE1CFF-9D48-4BC3-9F8B-761D81EA33A2}.Release|Any CPU.Build.0 = Release|Any CPU
		{9F08AED1-8157-4EF1-973B-AB80C8D9690C}.Debug|Any CPU.ActiveCfg = Debug|Any CPU
		{9F08AED1-8157-4EF1-973B-AB80C8D9690C}.Debug|Any CPU.Build.0 = Debug|Any CPU
		{9F08AED1-8157-4EF1-973B-AB80C8D9690C}.Release|Any CPU.ActiveCfg = Release|Any CPU
		{9F08AED1-8157-4EF1-973B-AB80C8D9690C}.Release|Any CPU.Build.0 = Release|Any CPU
		{C1F226FC-456A-4BBF-8CF1-D7E3D7BA2309}.Debug|Any CPU.ActiveCfg = Debug|Any CPU
		{C1F226FC-456A-4BBF-8CF1-D7E3D7BA2309}.Debug|Any CPU.Build.0 = Debug|Any CPU
		{C1F226FC-456A-4BBF-8CF1-D7E3D7BA2309}.Release|Any CPU.ActiveCfg = Release|Any CPU
		{C1F226FC-456A-4BBF-8CF1-D7E3D7BA2309}.Release|Any CPU.Build.0 = Release|Any CPU
	EndGlobalSection
	GlobalSection(SolutionProperties) = preSolution
		HideSolutionNode = FALSE
	EndGlobalSection
	GlobalSection(ExtensibilityGlobals) = postSolution
		SolutionGuid = {A85DA9D6-F2BD-4223-AAF5-F11AA1EA8507}
	EndGlobalSection
EndGlobal
